PODS:
  - DemoActivityIndicator (1.0.0)

DEPENDENCIES:
  - DemoActivityIndicator (from `../`)

EXTERNAL SOURCES:
  DemoActivityIndicator:
    :path: "../"

SPEC CHECKSUMS:
  DemoActivityIndicator: b3682991bf8a0fe7d90d5ccf9f167f14de4bbdbe

PODFILE CHECKSUM: 36b03293f53fc3527f80f5f62e677d8965aa5b7f

COCOAPODS: 1.5.3
